
Microsoft Visual Studio Solution File, Format Version 12.00
# Visual Studio 15
VisualStudioVersion = 15.0.27703.2047
MinimumVisualStudioVersion = 10.0.40219.1
Project("{FAE04EC0-301F-11D3-BF4B-00C04F79EFBC}") = "XGame.Domain", "XGame.Domain\XGame.Domain.csproj", "{64226190-BF88-4FA5-9731-C12C1BA64171}"
EndProject
Project("{FAE04EC0-301F-11D3-BF4B-00C04F79EFBC}") = "XGame.AppConsole", "XGame.AppConsole\XGame.AppConsole.csproj", "{3045FC97-8DFF-4E1B-BEC4-39C86C4BCA4D}"
EndProject
Global
	GlobalSection(SolutionConfigurationPlatforms) = preSolution
		Debug|Any CPU = Debug|Any CPU
		Release|Any CPU = Release|Any CPU
	EndGlobalSection
	GlobalSection(ProjectConfigurationPlatforms) = postSolution
		{64226190-BF88-4FA5-9731-C12C1BA64171}.Debug|Any CPU.ActiveCfg = Debug|Any CPU
		{64226190-BF88-4FA5-9731-C12C1BA64171}.Debug|Any CPU.Build.0 = Debug|Any CPU
		{64226190-BF88-4FA5-9731-C12C1BA64171}.Release|Any CPU.ActiveCfg = Release|Any CPU
		{64226190-BF88-4FA5-9731-C12C1BA64171}.Release|Any CPU.Build.0 = Release|Any CPU
		{3045FC97-8DFF-4E1B-BEC4-39C86C4BCA4D}.Debug|Any CPU.ActiveCfg = Debug|Any CPU
		{3045FC97-8DFF-4E1B-BEC4-39C86C4BCA4D}.Debug|Any CPU.Build.0 = Debug|Any CPU
		{3045FC97-8DFF-4E1B-BEC4-39C86C4BCA4D}.Release|Any CPU.ActiveCfg = Release|Any CPU
		{3045FC97-8DFF-4E1B-BEC4-39C86C4BCA4D}.Release|Any CPU.Build.0 = Release|Any CPU
	EndGlobalSection
	GlobalSection(SolutionProperties) = preSolution
		HideSolutionNode = FALSE
	EndGlobalSection
	GlobalSection(ExtensibilityGlobals) = postSolution
		SolutionGuid = {7E17C0B1-CE01-44C9-AF33-68471C6B37AD}
	EndGlobalSection
EndGlobal
